// !$*UTF8*$!
{
	archiveVersion = 1;
	classes = {
	};
	objectVersion = 46;
	objects = {

/* Begin PBXBuildFile section */
		3B6291991D38B65B00FBEC1D /* main.m in Sources */ = {isa = PBXBuildFile; fileRef = 3B6291981D38B65B00FBEC1D /* main.m */; };
		3B62919C1D38B65B00FBEC1D /* AppDelegate.m in Sources */ = {isa = PBXBuildFile; fileRef = 3B62919B1D38B65B00FBEC1D /* AppDelegate.m */; };
		3B62919F1D38B65B00FBEC1D /* ViewController.m in Sources */ = {isa = PBXBuildFile; fileRef = 3B62919E1D38B65B00FBEC1D /* ViewController.m */; };
		3B6291A21D38B65B00FBEC1D /* Main.storyboard in Resources */ = {isa = PBXBuildFile; fileRef = 3B6291A01D38B65B00FBEC1D /* Main.storyboard */; };
		3B6291A41D38B65B00FBEC1D /* Assets.xcassets in Resources */ = {isa = PBXBuildFile; fileRef = 3B6291A31D38B65B00FBEC1D /* Assets.xcassets */; };
		3B6291A71D38B65B00FBEC1D /* LaunchScreen.storyboard in Resources */ = {isa = PBXBuildFile; fileRef = 3B6291A51D38B65B00FBEC1D /* LaunchScreen.storyboard */; };
/* End PBXBuildFile section */

/* Begin PBXFileReference section */
		3B6291941D38B65B00FBEC1D /* RTSPClient.app */ = {isa = PBXFileReference; explicitFileType = wrapper.application; includeInIndex = 0; path = RTSPClient.app; sourceTree = BUILT_PRODUCTS_DIR; };
		3B6291981D38B65B00FBEC1D /* main.m */ = {isa = PBXFileReference; lastKnownFileType = sourcecode.c.objc; path = main.m; sourceTree = "<group>"; };
		3B62919A1D38B65B00FBEC1D /* AppDelegate.h */ = {isa = PBXFileReference; lastKnownFileType = sourcecode.c.h; path = AppDelegate.h; sourceTree = "<group>"; };
		3B62919B1D38B65B00FBEC1D /* AppDelegate.m */ = {isa = PBXFileReference; lastKnownFileType = sourcecode.c.objc; path = AppDelegate.m; sourceTree = "<group>"; };
		3B62919D1D38B65B00FBEC1D /* ViewController.h */ = {isa = PBXFileReference; lastKnownFileType = sourcecode.c.h; path = ViewController.h; sourceTree = "<group>"; };
		3B62919E1D38B65B00FBEC1D /* ViewController.m */ = {isa = PBXFileReference; lastKnownFileType = sourcecode.c.objc; path = ViewController.m; sourceTree = "<group>"; };
		3B6291A11D38B65B00FBEC1D /* Base */ = {isa = PBXFileReference; lastKnownFileType = file.storyboard; name = Base; path = Base.lproj/Main.storyboard; sourceTree = "<group>"; };
		3B6291A31D38B65B00FBEC1D /* Assets.xcassets */ = {isa = PBXFileReference; lastKnownFileType = folder.assetcatalog; path = Assets.xcassets; sourceTree = "<group>"; };
		3B6291A61D38B65B00FBEC1D /* Base */ = {isa = PBXFileReference; lastKnownFileType = file.storyboard; name = Base; path = Base.lproj/LaunchScreen.storyboard; sourceTree = "<group>"; };
		3B6291A81D38B65B00FBEC1D /* Info.plist */ = {isa = PBXFileReference; lastKnownFileType = text.plist.xml; path = Info.plist; sourceTree = "<group>"; };
/* End PBXFileReference section */

/* Begin PBXFrameworksBuildPhase section */
		3B6291911D38B65A00FBEC1D /* Frameworks */ = {
			isa = PBXFrameworksBuildPhase;
			buildActionMask = 2147483647;
			files = (
			);
			runOnlyForDeploymentPostprocessing = 0;
		};
/* End PBXFrameworksBuildPhase section */

/* Begin PBXGroup section */
		3B62918B1D38B65A00FBEC1D = {
			isa = PBXGroup;
			children = (
				3B6291961D38B65B00FBEC1D /* RTSPClient */,
				3B6291951D38B65B00FBEC1D /* Products */,
			);
			sourceTree = "<group>";
		};
		3B6291951D38B65B00FBEC1D /* Products */ = {
			isa = PBXGroup;
			children = (
				3B6291941D38B65B00FBEC1D /* RTSPClient.app */,
			);
			name = Products;
			sourceTree = "<group>";
		};
		3B6291961D38B65B00FBEC1D /* RTSPClient */ = {
			isa = PBXGroup;
			children = (
				3B62919A1D38B65B00FBEC1D /* AppDelegate.h */,
				3B62919B1D38B65B00FBEC1D /* AppDelegate.m */,
				3B62919D1D38B65B00FBEC1D /* ViewController.h */,
				3B62919E1D38B65B00FBEC1D /* ViewController.m */,
				3B6291A01D38B65B00FBEC1D /* Main.storyboard */,
				3B6291A31D38B65B00FBEC1D /* Assets.xcassets */,
				3B6291A51D38B65B00FBEC1D /* LaunchScreen.storyboard */,
				3B6291A81D38B65B00FBEC1D /* Info.plist */,
				3B6291971D38B65B00FBEC1D /* Supporting Files */,
			);
			path = RTSPClient;
			sourceTree = "<group>";
		};
		3B6291971D38B65B00FBEC1D /* Supporting Files */ = {
			isa = PBXGroup;
			children = (
				3B6291981D38B65B00FBEC1D /* main.m */,
			);
			name = "Supporting Files";
			sourceTree = "<group>";
		};
/* End PBXGroup section */

/* Begin PBXNativeTarget section */
		3B6291931D38B65A00FBEC1D /* RTSPClient */ = {
			isa = PBXNativeTarget;
			buildConfigurationList = 3B6291AB1D38B65B00FBEC1D /* Build configuration list for PBXNativeTarget "RTSPClient" */;
			buildPhases = (
				3B6291901D38B65A00FBEC1D /* Sources */,
				3B6291911D38B65A00FBEC1D /* Frameworks */,
				3B6291921D38B65A00FBEC1D /* Resources */,
			);
			buildRules = (
			);
			dependencies = (
			);
			name = RTSPClient;
			productName = RTSPClient;
			productReference = 3B6291941D38B65B00FBEC1D /* RTSPClient.app */;
			productType = "com.apple.product-type.application";
		};
/* End PBXNativeTarget section */

/* Begin PBXProject section */
		3B62918C1D38B65A00FBEC1D /* Project object */ = {
			isa = PBXProject;
			attributes = {
				LastUpgradeCheck = 0720;
				ORGANIZATIONNAME = sharetronic;
				TargetAttributes = {
					3B6291931D38B65A00FBEC1D = {
						CreatedOnToolsVersion = 7.2.1;
					};
				};
			};
			buildConfigurationList = 3B62918F1D38B65A00FBEC1D /* Build configuration list for PBXProject "RTSPClient" */;
			compatibilityVersion = "Xcode 3.2";
			developmentRegion = English;
			hasScannedForEncodings = 0;
			knownRegions = (
				en,
				Base,
			);
			mainGroup = 3B62918B1D38B65A00FBEC1D;
			productRefGroup = 3B6291951D38B65B00FBEC1D /* Products */;
			projectDirPath = "";
			projectRoot = "";
			targets = (
				3B6291931D38B65A00FBEC1D /* RTSPClient */,
			);
		};
/* End PBXProject section */

/* Begin PBXResourcesBuildPhase section */
		3B6291921D38B65A00FBEC1D /* Resources */ = {
			isa = PBXResourcesBuildPhase;
			buildActionMask = 2147483647;
			files = (
				3B6291A71D38B65B00FBEC1D /* LaunchScreen.storyboard in Resources */,
				3B6291A41D38B65B00FBEC1D /* Assets.xcassets in Resources */,
				3B6291A21D38B65B00FBEC1D /* Main.storyboard in Resources */,
			);
			runOnlyForDeploymentPostprocessing = 0;
		};
/* End PBXResourcesBuildPhase section */

/* Begin PBXSourcesBuildPhase section */
		3B6291901D38B65A00FBEC1D /* Sources */ = {
			isa = PBXSourcesBuildPhase;
			buildActionMask = 2147483647;
			files = (
				3B62919F1D38B65B00FBEC1D /* ViewController.m in Sources */,
				3B62919C1D38B65B00FBEC1D /* AppDelegate.m in Sources */,
				3B6291991D38B65B00FBEC1D /* main.m in Sources */,
			);
			runOnlyForDeploymentPostprocessing = 0;
		};
/* End PBXSourcesBuildPhase section */

/* Begin PBXVariantGroup section */
		3B6291A01D38B65B00FBEC1D /* Main.storyboard */ = {
			isa = PBXVariantGroup;
			children = (
				3B6291A11D38B65B00FBEC1D /* Base */,
			);
			name = Main.storyboard;
			sourceTree = "<group>";
		};
		3B6291A51D38B65B00FBEC1D /* LaunchScreen.storyboard */ = {
			isa = PBXVariantGroup;
			children = (
				3B6291A61D38B65B00FBEC1D /* Base */,
			);
			name = LaunchScreen.storyboard;
			sourceTree = "<group>";
		};
/* End PBXVariantGroup section */

/* Begin XCBuildConfiguration section */
		3B6291A91D38B65B00FBEC1D /* Debug */ = {
			isa = XCBuildConfiguration;
			buildSettings = {
				ALWAYS_SEARCH_USER_PATHS = NO;
				CLANG_CXX_LANGUAGE_STANDARD = "gnu++0x";
				CLANG_CXX_LIBRARY = "libc++";
				CLANG_ENABLE_MODULES = YES;
				CLANG_ENABLE_OBJC_ARC = YES;
				CLANG_WARN_BOOL_CONVERSION = YES;
				CLANG_WARN_CONSTANT_CONVERSION = YES;
				CLANG_WARN_DIRECT_OBJC_ISA_USAGE = YES_ERROR;
				CLANG_WARN_EMPTY_BODY = YES;
				CLANG_WARN_ENUM_CONVERSION = YES;
				CLANG_WARN_INT_CONVERSION = YES;
				CLANG_WARN_OBJC_ROOT_CLASS = YES_ERROR;
				CLANG_WARN_UNREACHABLE_CODE = YES;
				CLANG_WARN__DUPLICATE_METHOD_MATCH = YES;
				"CODE_SIGN_IDENTITY[sdk=iphoneos*]" = "iPhone Developer";
				COPY_PHASE_STRIP = NO;
				DEBUG_INFORMATION_FORMAT = dwarf;
				ENABLE_STRICT_OBJC_MSGSEND = YES;
				ENABLE_TESTABILITY = YES;
				GCC_C_LANGUAGE_STANDARD = gnu99;
				GCC_DYNAMIC_NO_PIC = NO;
				GCC_NO_COMMON_BLOCKS = YES;
				GCC_OPTIMIZATION_LEVEL = 0;
				GCC_PREPROCESSOR_DEFINITIONS = (
					"DEBUG=1",
					"$(inherited)",
				);
				GCC_WARN_64_TO_32_BIT_CONVERSION = YES;
				GCC_WARN_ABOUT_RETURN_TYPE = YES_ERROR;
				GCC_WARN_UNDECLARED_SELECTOR = YES;
				GCC_WARN_UNINITIALIZED_AUTOS = YES_AGGRESSIVE;
				GCC_WARN_UNUSED_FUNCTION = YES;
				GCC_WARN_UNUSED_VARIABLE = YES;
				IPHONEOS_DEPLOYMENT_TARGET = 9.2;
				MTL_ENABLE_DEBUG_INFO = YES;
				ONLY_ACTIVE_ARCH = YES;
				SDKROOT = iphoneos;
			};
			name = Debug;
		};
		3B6291AA1D38B65B00FBEC1D /* Release */ = {
			isa = XCBuildConfiguration;
			buildSettings = {
				ALWAYS_SEARCH_USER_PATHS = NO;
				CLANG_CXX_LANGUAGE_STANDARD = "gnu++0x";
				CLANG_CXX_LIBRARY = "libc++";
				CLANG_ENABLE_MODULES = YES;
				CLANG_ENABLE_OBJC_ARC = YES;
				CLANG_WARN_BOOL_CONVERSION = YES;
				CLANG_WARN_CONSTANT_CONVERSION = YES;
				CLANG_WARN_DIRECT_OBJC_ISA_USAGE = YES_ERROR;
				CLANG_WARN_EMPTY_BODY = YES;
				CLANG_WARN_ENUM_CONVERSION = YES;
				CLANG_WARN_INT_CONVERSION = YES;
				CLANG_WARN_OBJC_ROOT_CLASS = YES_ERROR;
				CLANG_WARN_UNREACHABLE_CODE = YES;
				CLANG_WARN__DUPLICATE_METHOD_MATCH = YES;
				"CODE_SIGN_IDENTITY[sdk=iphoneos*]" = "iPhone Developer";
				COPY_PHASE_STRIP = NO;
				DEBUG_INFORMATION_FORMAT = "dwarf-with-dsym";
				ENABLE_NS_ASSERTIONS = NO;
				ENABLE_STRICT_OBJC_MSGSEND = YES;
				GCC_C_LANGUAGE_STANDARD = gnu99;
				GCC_NO_COMMON_BLOCKS = YES;
				GCC_WARN_64_TO_32_BIT_CONVERSION = YES;
				GCC_WARN_ABOUT_RETURN_TYPE = YES_ERROR;
				GCC_WARN_UNDECLARED_SELECTOR = YES;
				GCC_WARN_UNINITIALIZED_AUTOS = YES_AGGRESSIVE;
				GCC_WARN_UNUSED_FUNCTION = YES;
				GCC_WARN_UNUSED_VARIABLE = YES;
				IPHONEOS_DEPLOYMENT_TARGET = 9.2;
				MTL_ENABLE_DEBUG_INFO = NO;
				SDKROOT = iphoneos;
				VALIDATE_PRODUCT = YES;
			};
			name = Release;
		};
		3B6291AC1D38B65B00FBEC1D /* Debug */ = {
			isa = XCBuildConfiguration;
			buildSettings = {
				ASSETCATALOG_COMPILER_APPICON_NAME = AppIcon;
				INFOPLIST_FILE = RTSPClient/Info.plist;
				LD_RUNPATH_SEARCH_PATHS = "$(inherited) @executable_path/Frameworks";
				PRODUCT_BUNDLE_IDENTIFIER = com.sharetronic.RTSPClient;
				PRODUCT_NAME = "$(TARGET_NAME)";
			};
			name = Debug;
		};
		3B6291AD1D38B65B00FBEC1D /* Release */ = {
			isa = XCBuildConfiguration;
			buildSettings = {
				ASSETCATALOG_COMPILER_APPICON_NAME = AppIcon;
				INFOPLIST_FILE = RTSPClient/Info.plist;
				LD_RUNPATH_SEARCH_PATHS = "$(inherited) @executable_path/Frameworks";
				PRODUCT_BUNDLE_IDENTIFIER = com.sharetronic.RTSPClient;
				PRODUCT_NAME = "$(TARGET_NAME)";
			};
			name = Release;
		};
/* End XCBuildConfiguration section */

/* Begin XCConfigurationList section */
		3B62918F1D38B65A00FBEC1D /* Build configuration list for PBXProject "RTSPClient" */ = {
			isa = XCConfigurationList;
			buildConfigurations = (
				3B6291A91D38B65B00FBEC1D /* Debug */,
				3B6291AA1D38B65B00FBEC1D /* Release */,
			);
			defaultConfigurationIsVisible = 0;
			defaultConfigurationName = Release;
		};
		3B6291AB1D38B65B00FBEC1D /* Build configuration list for PBXNativeTarget "RTSPClient" */ = {
			isa = XCConfigurationList;
			buildConfigurations = (
				3B6291AC1D38B65B00FBEC1D /* Debug */,
				3B6291AD1D38B65B00FBEC1D /* Release */,
			);
			defaultConfigurationIsVisible = 0;
		};
/* End XCConfigurationList section */
	};
	rootObject = 3B62918C1D38B65A00FBEC1D /* Project object */;
}
